
Microsoft Visual Studio Solution File, Format Version 12.00
# Visual Studio Version 17
VisualStudioVersion = 17.1.32328.378
MinimumVisualStudioVersion = 10.0.40219.1
Project("{9A19103F-16F7-4668-BE54-9A1E7A4F7556}") = "WebAPI_Project", "WebAPI_Project.csproj", "{0F9D01A9-8044-4CD4-A8DD-D3726A542DBE}"
EndProject
Project("{9A19103F-16F7-4668-BE54-9A1E7A4F7556}") = "Nutrien.AXP.FinanceManagement.WebAPI", "..\axp-FinaceManage\src\Nutrien.AXP.FinanceManagement.WebAPI\Nutrien.AXP.FinanceManagement.WebAPI.csproj", "{8D0DD8E4-349A-46BF-B942-9F874CB487D9}"
EndProject
Project("{9A19103F-16F7-4668-BE54-9A1E7A4F7556}") = "Nutrien.AXP.FinanceManagement.Services", "..\axp-FinaceManage\src\Nutrien.AXP.FinanceManagement.Services\Nutrien.AXP.FinanceManagement.Services.csproj", "{B94FADD6-B0C1-4B33-AD92-DF70F3B5C10E}"
EndProject
Global
	GlobalSection(SolutionConfigurationPlatforms) = preSolution
		Debug|Any CPU = Debug|Any CPU
		Release|Any CPU = Release|Any CPU
	EndGlobalSection
	GlobalSection(ProjectConfigurationPlatforms) = postSolution
		{0F9D01A9-8044-4CD4-A8DD-D3726A542DBE}.Debug|Any CPU.ActiveCfg = Debug|Any CPU
		{0F9D01A9-8044-4CD4-A8DD-D3726A542DBE}.Debug|Any CPU.Build.0 = Debug|Any CPU
		{0F9D01A9-8044-4CD4-A8DD-D3726A542DBE}.Release|Any CPU.ActiveCfg = Release|Any CPU
		{0F9D01A9-8044-4CD4-A8DD-D3726A542DBE}.Release|Any CPU.Build.0 = Release|Any CPU
		{8D0DD8E4-349A-46BF-B942-9F874CB487D9}.Debug|Any CPU.ActiveCfg = Debug|Any CPU
		{8D0DD8E4-349A-46BF-B942-9F874CB487D9}.Debug|Any CPU.Build.0 = Debug|Any CPU
		{8D0DD8E4-349A-46BF-B942-9F874CB487D9}.Release|Any CPU.ActiveCfg = Release|Any CPU
		{8D0DD8E4-349A-46BF-B942-9F874CB487D9}.Release|Any CPU.Build.0 = Release|Any CPU
		{B94FADD6-B0C1-4B33-AD92-DF70F3B5C10E}.Debug|Any CPU.ActiveCfg = Debug|Any CPU
		{B94FADD6-B0C1-4B33-AD92-DF70F3B5C10E}.Debug|Any CPU.Build.0 = Debug|Any CPU
		{B94FADD6-B0C1-4B33-AD92-DF70F3B5C10E}.Release|Any CPU.ActiveCfg = Release|Any CPU
		{B94FADD6-B0C1-4B33-AD92-DF70F3B5C10E}.Release|Any CPU.Build.0 = Release|Any CPU
	EndGlobalSection
	GlobalSection(SolutionProperties) = preSolution
		HideSolutionNode = FALSE
	EndGlobalSection
	GlobalSection(ExtensibilityGlobals) = postSolution
		SolutionGuid = {A511B0A0-C8A6-410D-A601-1BF3AAA4B0E6}
	EndGlobalSection
EndGlobal
